// !$*UTF8*$!
{
	archiveVersion = 1;
	classes = {
	};
	objectVersion = 50;
	objects = {

/* Begin PBXBuildFile section */
		7B105BD9241F08AF00D8581A /* DayViewTableController.swift in Sources */ = {isa = PBXBuildFile; fileRef = 7B105BD8241F08AF00D8581A /* DayViewTableController.swift */; };
		7B4F92602402CF9900993700 /* Storyboarded.swift in Sources */ = {isa = PBXBuildFile; fileRef = 7B4F925F2402CF9900993700 /* Storyboarded.swift */; };
		7B4F92622402D14500993700 /* AppFlowController.swift in Sources */ = {isa = PBXBuildFile; fileRef = 7B4F92612402D14500993700 /* AppFlowController.swift */; };
		7B4F92652402DF5800993700 /* CancelBag.swift in Sources */ = {isa = PBXBuildFile; fileRef = 7B4F92642402DF5800993700 /* CancelBag.swift */; };
		7B4F92672404C0F500993700 /* PromptEditFlowController.swift in Sources */ = {isa = PBXBuildFile; fileRef = 7B4F92662404C0F500993700 /* PromptEditFlowController.swift */; };
		7B4FEAE12404E1F9000AB5AC /* PromptStoreService.swift in Sources */ = {isa = PBXBuildFile; fileRef = 7B4FEAE02404E1F9000AB5AC /* PromptStoreService.swift */; };
		7B4FEAE32408BD37000AB5AC /* Entry.swift in Sources */ = {isa = PBXBuildFile; fileRef = 7B4FEAE22408BD37000AB5AC /* Entry.swift */; };
		7B4FEAE52408BDE0000AB5AC /* EntryStoreService.swift in Sources */ = {isa = PBXBuildFile; fileRef = 7B4FEAE42408BDE0000AB5AC /* EntryStoreService.swift */; };
		7B4FEAE9240C8D93000AB5AC /* TestSwiftUI.swift in Sources */ = {isa = PBXBuildFile; fileRef = 7B4FEAE8240C8D93000AB5AC /* TestSwiftUI.swift */; };
		7B4FEAEB240CB200000AB5AC /* Main.storyboard in Resources */ = {isa = PBXBuildFile; fileRef = 7B4FEAEA240CB200000AB5AC /* Main.storyboard */; };
		7B4FEAED240CD6AF000AB5AC /* Calendar.swift in Sources */ = {isa = PBXBuildFile; fileRef = 7B4FEAEC240CD6AF000AB5AC /* Calendar.swift */; };
		7B4FEAF12410BD61000AB5AC /* DayViewPagingController.swift in Sources */ = {isa = PBXBuildFile; fileRef = 7B4FEAF02410BD61000AB5AC /* DayViewPagingController.swift */; };
		7B506025242B9FDA0042F169 /* AboutViewController.swift in Sources */ = {isa = PBXBuildFile; fileRef = 7B506024242B9FDA0042F169 /* AboutViewController.swift */; };
		7B506027242BB1420042F169 /* AddDetailService.swift in Sources */ = {isa = PBXBuildFile; fileRef = 7B506026242BB1420042F169 /* AddDetailService.swift */; };
		7B506029242C43200042F169 /* NotificationService.swift in Sources */ = {isa = PBXBuildFile; fileRef = 7B506028242C43200042F169 /* NotificationService.swift */; };
		7B50602D242C61A90042F169 /* NotificationViewController.swift in Sources */ = {isa = PBXBuildFile; fileRef = 7B50602C242C61A90042F169 /* NotificationViewController.swift */; };
		7B50602F242C623A0042F169 /* NotificationViewModel.swift in Sources */ = {isa = PBXBuildFile; fileRef = 7B50602E242C623A0042F169 /* NotificationViewModel.swift */; };
		7B506031242C62470042F169 /* NotificationViewService.swift in Sources */ = {isa = PBXBuildFile; fileRef = 7B506030242C62470042F169 /* NotificationViewService.swift */; };
		7B506033243639FD0042F169 /* DayViewPagingModel.swift in Sources */ = {isa = PBXBuildFile; fileRef = 7B506032243639FD0042F169 /* DayViewPagingModel.swift */; };
		7B50603524363AAA0042F169 /* DayViewPagingService.swift in Sources */ = {isa = PBXBuildFile; fileRef = 7B50603424363AAA0042F169 /* DayViewPagingService.swift */; };
		7B719EF92404DFFC00A42374 /* Prompt.swift in Sources */ = {isa = PBXBuildFile; fileRef = 7B719EF82404DFFC00A42374 /* Prompt.swift */; };
		7B79637023FA13A30073649E /* AppDelegate.swift in Sources */ = {isa = PBXBuildFile; fileRef = 7B79636F23FA13A30073649E /* AppDelegate.swift */; };
		7B79637223FA13A30073649E /* SceneDelegate.swift in Sources */ = {isa = PBXBuildFile; fileRef = 7B79637123FA13A30073649E /* SceneDelegate.swift */; };
		7B79637A23FA13A30073649E /* DailyScorecard.xcdatamodeld in Sources */ = {isa = PBXBuildFile; fileRef = 7B79637823FA13A30073649E /* DailyScorecard.xcdatamodeld */; };
		7B79637C23FA13A50073649E /* Assets.xcassets in Resources */ = {isa = PBXBuildFile; fileRef = 7B79637B23FA13A50073649E /* Assets.xcassets */; };
		7B79637F23FA13A50073649E /* LaunchScreen.storyboard in Resources */ = {isa = PBXBuildFile; fileRef = 7B79637D23FA13A50073649E /* LaunchScreen.storyboard */; };
		7B79638A23FA13A50073649E /* DailyScorecardTests.swift in Sources */ = {isa = PBXBuildFile; fileRef = 7B79638923FA13A50073649E /* DailyScorecardTests.swift */; };
		7B79639B23FA234E0073649E /* DayViewModel.swift in Sources */ = {isa = PBXBuildFile; fileRef = 7B79639A23FA234E0073649E /* DayViewModel.swift */; };
		7B7963A023FA45580073649E /* DayViewEntryCell.swift in Sources */ = {isa = PBXBuildFile; fileRef = 7B79639F23FA45580073649E /* DayViewEntryCell.swift */; };
		7B7963A223FB96370073649E /* ServiceProvider.swift in Sources */ = {isa = PBXBuildFile; fileRef = 7B7963A123FB96370073649E /* ServiceProvider.swift */; };
		7B7963A423FB96690073649E /* DayViewService.swift in Sources */ = {isa = PBXBuildFile; fileRef = 7B7963A323FB96690073649E /* DayViewService.swift */; };
		7B7963A623FE46D10073649E /* PromptTableViewController.swift in Sources */ = {isa = PBXBuildFile; fileRef = 7B7963A523FE46D10073649E /* PromptTableViewController.swift */; };
		7B7963A823FE47180073649E /* PromptTableViewModel.swift in Sources */ = {isa = PBXBuildFile; fileRef = 7B7963A723FE47180073649E /* PromptTableViewModel.swift */; };
		7B7963AA23FE4E2A0073649E /* PromptTableViewService.swift in Sources */ = {isa = PBXBuildFile; fileRef = 7B7963A923FE4E2A0073649E /* PromptTableViewService.swift */; };
		7B7963AC23FF6F5F0073649E /* PromptEditViewController.swift in Sources */ = {isa = PBXBuildFile; fileRef = 7B7963AB23FF6F5F0073649E /* PromptEditViewController.swift */; };
		7B7963AE23FF6F870073649E /* PromptEditViewModel.swift in Sources */ = {isa = PBXBuildFile; fileRef = 7B7963AD23FF6F870073649E /* PromptEditViewModel.swift */; };
		7B7963B023FF7F720073649E /* PromptEditViewService.swift in Sources */ = {isa = PBXBuildFile; fileRef = 7B7963AF23FF7F720073649E /* PromptEditViewService.swift */; };
		7B94AFD72411C26800AEDEC8 /* ScoreProvider.swift in Sources */ = {isa = PBXBuildFile; fileRef = 7B94AFD62411C26800AEDEC8 /* ScoreProvider.swift */; };
		7B94AFDB2411E99100AEDEC8 /* ChartPageViewController.swift in Sources */ = {isa = PBXBuildFile; fileRef = 7B94AFDA2411E99100AEDEC8 /* ChartPageViewController.swift */; };
		7B94AFDD2411EB1F00AEDEC8 /* ChartViewService.swift in Sources */ = {isa = PBXBuildFile; fileRef = 7B94AFDC2411EB1F00AEDEC8 /* ChartViewService.swift */; };
		7B94AFDF2411EB4900AEDEC8 /* ChartViewModel.swift in Sources */ = {isa = PBXBuildFile; fileRef = 7B94AFDE2411EB4900AEDEC8 /* ChartViewModel.swift */; };
		7B98A9C124299227002BA9D1 /* SettingsViewController.swift in Sources */ = {isa = PBXBuildFile; fileRef = 7B98A9C024299227002BA9D1 /* SettingsViewController.swift */; };
		7B98A9C4242A5435002BA9D1 /* ThemeViewController.swift in Sources */ = {isa = PBXBuildFile; fileRef = 7B98A9C3242A5435002BA9D1 /* ThemeViewController.swift */; };
		7BD4B823242AD04300D894E5 /* Theme.swift in Sources */ = {isa = PBXBuildFile; fileRef = 7BD4B822242AD04300D894E5 /* Theme.swift */; };
		7BD4B825242AD10400D894E5 /* ThemeService.swift in Sources */ = {isa = PBXBuildFile; fileRef = 7BD4B824242AD10400D894E5 /* ThemeService.swift */; };
		7BD4B827242AD60B00D894E5 /* ThemeViewModel.swift in Sources */ = {isa = PBXBuildFile; fileRef = 7BD4B826242AD60B00D894E5 /* ThemeViewModel.swift */; };
		7BD4B829242AD64700D894E5 /* ThemeViewService.swift in Sources */ = {isa = PBXBuildFile; fileRef = 7BD4B828242AD64700D894E5 /* ThemeViewService.swift */; };
		7BD6A0992414BFE6008FF75A /* ChartViewController.swift in Sources */ = {isa = PBXBuildFile; fileRef = 7BD6A0982414BFE6008FF75A /* ChartViewController.swift */; };
		7BD6A09B2414C05F008FF75A /* ChartFilterPickerViewController.swift in Sources */ = {isa = PBXBuildFile; fileRef = 7BD6A09A2414C05F008FF75A /* ChartFilterPickerViewController.swift */; };
		7BD6A09D241599A9008FF75A /* Result.swift in Sources */ = {isa = PBXBuildFile; fileRef = 7BD6A09C241599A9008FF75A /* Result.swift */; };
		7BE52D832425BE6E00EBE6BB /* Color.swift in Sources */ = {isa = PBXBuildFile; fileRef = 7BE52D822425BE6E00EBE6BB /* Color.swift */; };
		7BE52D852426918800EBE6BB /* OptionSelectionView.swift in Sources */ = {isa = PBXBuildFile; fileRef = 7BE52D842426918800EBE6BB /* OptionSelectionView.swift */; };
		7BE52D872426C72F00EBE6BB /* TestController.swift in Sources */ = {isa = PBXBuildFile; fileRef = 7BE52D862426C72F00EBE6BB /* TestController.swift */; };
/* End PBXBuildFile section */

/* Begin PBXContainerItemProxy section */
		7B79638623FA13A50073649E /* PBXContainerItemProxy */ = {
			isa = PBXContainerItemProxy;
			containerPortal = 7B79636423FA13A30073649E /* Project object */;
			proxyType = 1;
			remoteGlobalIDString = 7B79636B23FA13A30073649E;
			remoteInfo = DailyScorecard;
		};
/* End PBXContainerItemProxy section */

/* Begin PBXFileReference section */
		7B105BD8241F08AF00D8581A /* DayViewTableController.swift */ = {isa = PBXFileReference; lastKnownFileType = sourcecode.swift; path = DayViewTableController.swift; sourceTree = "<group>"; };
		7B4F925F2402CF9900993700 /* Storyboarded.swift */ = {isa = PBXFileReference; lastKnownFileType = sourcecode.swift; path = Storyboarded.swift; sourceTree = "<group>"; };
		7B4F92612402D14500993700 /* AppFlowController.swift */ = {isa = PBXFileReference; lastKnownFileType = sourcecode.swift; path = AppFlowController.swift; sourceTree = "<group>"; };
		7B4F92642402DF5800993700 /* CancelBag.swift */ = {isa = PBXFileReference; lastKnownFileType = sourcecode.swift; path = CancelBag.swift; sourceTree = "<group>"; };
		7B4F92662404C0F500993700 /* PromptEditFlowController.swift */ = {isa = PBXFileReference; lastKnownFileType = sourcecode.swift; path = PromptEditFlowController.swift; sourceTree = "<group>"; };
		7B4FEAE02404E1F9000AB5AC /* PromptStoreService.swift */ = {isa = PBXFileReference; lastKnownFileType = sourcecode.swift; path = PromptStoreService.swift; sourceTree = "<group>"; };
		7B4FEAE22408BD37000AB5AC /* Entry.swift */ = {isa = PBXFileReference; lastKnownFileType = sourcecode.swift; path = Entry.swift; sourceTree = "<group>"; };
		7B4FEAE42408BDE0000AB5AC /* EntryStoreService.swift */ = {isa = PBXFileReference; lastKnownFileType = sourcecode.swift; path = EntryStoreService.swift; sourceTree = "<group>"; };
		7B4FEAE8240C8D93000AB5AC /* TestSwiftUI.swift */ = {isa = PBXFileReference; lastKnownFileType = sourcecode.swift; path = TestSwiftUI.swift; sourceTree = "<group>"; };
		7B4FEAEA240CB200000AB5AC /* Main.storyboard */ = {isa = PBXFileReference; fileEncoding = 4; lastKnownFileType = file.storyboard; path = Main.storyboard; sourceTree = "<group>"; };
		7B4FEAEC240CD6AF000AB5AC /* Calendar.swift */ = {isa = PBXFileReference; lastKnownFileType = sourcecode.swift; path = Calendar.swift; sourceTree = "<group>"; };
		7B4FEAF02410BD61000AB5AC /* DayViewPagingController.swift */ = {isa = PBXFileReference; lastKnownFileType = sourcecode.swift; path = DayViewPagingController.swift; sourceTree = "<group>"; };
		7B506024242B9FDA0042F169 /* AboutViewController.swift */ = {isa = PBXFileReference; lastKnownFileType = sourcecode.swift; path = AboutViewController.swift; sourceTree = "<group>"; };
		7B506026242BB1420042F169 /* AddDetailService.swift */ = {isa = PBXFileReference; lastKnownFileType = sourcecode.swift; path = AddDetailService.swift; sourceTree = "<group>"; };
		7B506028242C43200042F169 /* NotificationService.swift */ = {isa = PBXFileReference; lastKnownFileType = sourcecode.swift; path = NotificationService.swift; sourceTree = "<group>"; };
		7B50602C242C61A90042F169 /* NotificationViewController.swift */ = {isa = PBXFileReference; lastKnownFileType = sourcecode.swift; path = NotificationViewController.swift; sourceTree = "<group>"; };
		7B50602E242C623A0042F169 /* NotificationViewModel.swift */ = {isa = PBXFileReference; lastKnownFileType = sourcecode.swift; path = NotificationViewModel.swift; sourceTree = "<group>"; };
		7B506030242C62470042F169 /* NotificationViewService.swift */ = {isa = PBXFileReference; lastKnownFileType = sourcecode.swift; path = NotificationViewService.swift; sourceTree = "<group>"; };
		7B506032243639FD0042F169 /* DayViewPagingModel.swift */ = {isa = PBXFileReference; lastKnownFileType = sourcecode.swift; path = DayViewPagingModel.swift; sourceTree = "<group>"; };
		7B50603424363AAA0042F169 /* DayViewPagingService.swift */ = {isa = PBXFileReference; lastKnownFileType = sourcecode.swift; path = DayViewPagingService.swift; sourceTree = "<group>"; };
		7B719EF82404DFFC00A42374 /* Prompt.swift */ = {isa = PBXFileReference; lastKnownFileType = sourcecode.swift; path = Prompt.swift; sourceTree = "<group>"; };
		7B79636C23FA13A30073649E /* DailyScorecard.app */ = {isa = PBXFileReference; explicitFileType = wrapper.application; includeInIndex = 0; path = DailyScorecard.app; sourceTree = BUILT_PRODUCTS_DIR; };
		7B79636F23FA13A30073649E /* AppDelegate.swift */ = {isa = PBXFileReference; lastKnownFileType = sourcecode.swift; path = AppDelegate.swift; sourceTree = "<group>"; };
		7B79637123FA13A30073649E /* SceneDelegate.swift */ = {isa = PBXFileReference; lastKnownFileType = sourcecode.swift; path = SceneDelegate.swift; sourceTree = "<group>"; };
		7B79637923FA13A30073649E /* DailyScorecard.xcdatamodel */ = {isa = PBXFileReference; lastKnownFileType = wrapper.xcdatamodel; path = DailyScorecard.xcdatamodel; sourceTree = "<group>"; };
		7B79637B23FA13A50073649E /* Assets.xcassets */ = {isa = PBXFileReference; lastKnownFileType = folder.assetcatalog; path = Assets.xcassets; sourceTree = "<group>"; };
		7B79637E23FA13A50073649E /* Base */ = {isa = PBXFileReference; lastKnownFileType = file.storyboard; name = Base; path = Base.lproj/LaunchScreen.storyboard; sourceTree = "<group>"; };
		7B79638023FA13A50073649E /* Info.plist */ = {isa = PBXFileReference; lastKnownFileType = text.plist.xml; path = Info.plist; sourceTree = "<group>"; };
		7B79638523FA13A50073649E /* DailyScorecardTests.xctest */ = {isa = PBXFileReference; explicitFileType = wrapper.cfbundle; includeInIndex = 0; path = DailyScorecardTests.xctest; sourceTree = BUILT_PRODUCTS_DIR; };
		7B79638923FA13A50073649E /* DailyScorecardTests.swift */ = {isa = PBXFileReference; lastKnownFileType = sourcecode.swift; path = DailyScorecardTests.swift; sourceTree = "<group>"; };
		7B79638B23FA13A50073649E /* Info.plist */ = {isa = PBXFileReference; lastKnownFileType = text.plist.xml; path = Info.plist; sourceTree = "<group>"; };
		7B79639A23FA234E0073649E /* DayViewModel.swift */ = {isa = PBXFileReference; lastKnownFileType = sourcecode.swift; path = DayViewModel.swift; sourceTree = "<group>"; };
		7B79639F23FA45580073649E /* DayViewEntryCell.swift */ = {isa = PBXFileReference; lastKnownFileType = sourcecode.swift; path = DayViewEntryCell.swift; sourceTree = "<group>"; };
		7B7963A123FB96370073649E /* ServiceProvider.swift */ = {isa = PBXFileReference; lastKnownFileType = sourcecode.swift; path = ServiceProvider.swift; sourceTree = "<group>"; };
		7B7963A323FB96690073649E /* DayViewService.swift */ = {isa = PBXFileReference; lastKnownFileType = sourcecode.swift; path = DayViewService.swift; sourceTree = "<group>"; };
		7B7963A523FE46D10073649E /* PromptTableViewController.swift */ = {isa = PBXFileReference; lastKnownFileType = sourcecode.swift; path = PromptTableViewController.swift; sourceTree = "<group>"; };
		7B7963A723FE47180073649E /* PromptTableViewModel.swift */ = {isa = PBXFileReference; lastKnownFileType = sourcecode.swift; path = PromptTableViewModel.swift; sourceTree = "<group>"; };
		7B7963A923FE4E2A0073649E /* PromptTableViewService.swift */ = {isa = PBXFileReference; lastKnownFileType = sourcecode.swift; path = PromptTableViewService.swift; sourceTree = "<group>"; };
		7B7963AB23FF6F5F0073649E /* PromptEditViewController.swift */ = {isa = PBXFileReference; lastKnownFileType = sourcecode.swift; path = PromptEditViewController.swift; sourceTree = "<group>"; };
		7B7963AD23FF6F870073649E /* PromptEditViewModel.swift */ = {isa = PBXFileReference; lastKnownFileType = sourcecode.swift; path = PromptEditViewModel.swift; sourceTree = "<group>"; };
		7B7963AF23FF7F720073649E /* PromptEditViewService.swift */ = {isa = PBXFileReference; lastKnownFileType = sourcecode.swift; path = PromptEditViewService.swift; sourceTree = "<group>"; };
		7B94AFD62411C26800AEDEC8 /* ScoreProvider.swift */ = {isa = PBXFileReference; lastKnownFileType = sourcecode.swift; path = ScoreProvider.swift; sourceTree = "<group>"; };
		7B94AFDA2411E99100AEDEC8 /* ChartPageViewController.swift */ = {isa = PBXFileReference; lastKnownFileType = sourcecode.swift; path = ChartPageViewController.swift; sourceTree = "<group>"; };
		7B94AFDC2411EB1F00AEDEC8 /* ChartViewService.swift */ = {isa = PBXFileReference; lastKnownFileType = sourcecode.swift; path = ChartViewService.swift; sourceTree = "<group>"; };
		7B94AFDE2411EB4900AEDEC8 /* ChartViewModel.swift */ = {isa = PBXFileReference; lastKnownFileType = sourcecode.swift; path = ChartViewModel.swift; sourceTree = "<group>"; };
		7B98A9C024299227002BA9D1 /* SettingsViewController.swift */ = {isa = PBXFileReference; lastKnownFileType = sourcecode.swift; path = SettingsViewController.swift; sourceTree = "<group>"; };
		7B98A9C3242A5435002BA9D1 /* ThemeViewController.swift */ = {isa = PBXFileReference; lastKnownFileType = sourcecode.swift; path = ThemeViewController.swift; sourceTree = "<group>"; };
		7BD4B822242AD04300D894E5 /* Theme.swift */ = {isa = PBXFileReference; lastKnownFileType = sourcecode.swift; path = Theme.swift; sourceTree = "<group>"; };
		7BD4B824242AD10400D894E5 /* ThemeService.swift */ = {isa = PBXFileReference; lastKnownFileType = sourcecode.swift; path = ThemeService.swift; sourceTree = "<group>"; };
		7BD4B826242AD60B00D894E5 /* ThemeViewModel.swift */ = {isa = PBXFileReference; lastKnownFileType = sourcecode.swift; path = ThemeViewModel.swift; sourceTree = "<group>"; };
		7BD4B828242AD64700D894E5 /* ThemeViewService.swift */ = {isa = PBXFileReference; lastKnownFileType = sourcecode.swift; path = ThemeViewService.swift; sourceTree = "<group>"; };
		7BD6A0982414BFE6008FF75A /* ChartViewController.swift */ = {isa = PBXFileReference; lastKnownFileType = sourcecode.swift; path = ChartViewController.swift; sourceTree = "<group>"; };
		7BD6A09A2414C05F008FF75A /* ChartFilterPickerViewController.swift */ = {isa = PBXFileReference; lastKnownFileType = sourcecode.swift; path = ChartFilterPickerViewController.swift; sourceTree = "<group>"; };
		7BD6A09C241599A9008FF75A /* Result.swift */ = {isa = PBXFileReference; lastKnownFileType = sourcecode.swift; path = Result.swift; sourceTree = "<group>"; };
		7BE52D822425BE6E00EBE6BB /* Color.swift */ = {isa = PBXFileReference; lastKnownFileType = sourcecode.swift; path = Color.swift; sourceTree = "<group>"; };
		7BE52D842426918800EBE6BB /* OptionSelectionView.swift */ = {isa = PBXFileReference; lastKnownFileType = sourcecode.swift; path = OptionSelectionView.swift; sourceTree = "<group>"; };
		7BE52D862426C72F00EBE6BB /* TestController.swift */ = {isa = PBXFileReference; lastKnownFileType = sourcecode.swift; path = TestController.swift; sourceTree = "<group>"; };
/* End PBXFileReference section */

/* Begin PBXFrameworksBuildPhase section */
		7B79636923FA13A30073649E /* Frameworks */ = {
			isa = PBXFrameworksBuildPhase;
			buildActionMask = 2147483647;
			files = (
			);
			runOnlyForDeploymentPostprocessing = 0;
		};
		7B79638223FA13A50073649E /* Frameworks */ = {
			isa = PBXFrameworksBuildPhase;
			buildActionMask = 2147483647;
			files = (
			);
			runOnlyForDeploymentPostprocessing = 0;
		};
/* End PBXFrameworksBuildPhase section */

/* Begin PBXGroup section */
		7B4F925E2402CF8900993700 /* Shared */ = {
			isa = PBXGroup;
			children = (
				7B4F925F2402CF9900993700 /* Storyboarded.swift */,
				7B4F92642402DF5800993700 /* CancelBag.swift */,
				7B4FEAEC240CD6AF000AB5AC /* Calendar.swift */,
				7BD6A09C241599A9008FF75A /* Result.swift */,
				7BE52D822425BE6E00EBE6BB /* Color.swift */,
			);
			path = Shared;
			sourceTree = "<group>";
		};
		7B4F92682404C27400993700 /* PromptEdit */ = {
			isa = PBXGroup;
			children = (
				7B94AFE22414AA1300AEDEC8 /* PromptDetail */,
				7B94AFE12414AA0900AEDEC8 /* PromptTable */,
				7B4F92662404C0F500993700 /* PromptEditFlowController.swift */,
			);
			path = PromptEdit;
			sourceTree = "<group>";
		};
		7B4FEAF22410BD82000AB5AC /* DayView */ = {
			isa = PBXGroup;
			children = (
				7B506032243639FD0042F169 /* DayViewPagingModel.swift */,
				7B50603424363AAA0042F169 /* DayViewPagingService.swift */,
				7B4FEAF02410BD61000AB5AC /* DayViewPagingController.swift */,
				7B79639A23FA234E0073649E /* DayViewModel.swift */,
				7B7963A323FB96690073649E /* DayViewService.swift */,
				7B105BD8241F08AF00D8581A /* DayViewTableController.swift */,
				7B79639F23FA45580073649E /* DayViewEntryCell.swift */,
			);
			path = DayView;
			sourceTree = "<group>";
		};
		7B506023242B9FC30042F169 /* About */ = {
			isa = PBXGroup;
			children = (
				7B506024242B9FDA0042F169 /* AboutViewController.swift */,
			);
			path = About;
			sourceTree = "<group>";
		};
		7B50602A242C60CF0042F169 /* Notifications */ = {
			isa = PBXGroup;
			children = (
				7B50602E242C623A0042F169 /* NotificationViewModel.swift */,
				7B506030242C62470042F169 /* NotificationViewService.swift */,
				7B50602C242C61A90042F169 /* NotificationViewController.swift */,
			);
			path = Notifications;
			sourceTree = "<group>";
		};
		7B79636323FA13A30073649E = {
			isa = PBXGroup;
			children = (
				7B79636E23FA13A30073649E /* DailyScorecard */,
				7B79638823FA13A50073649E /* DailyScorecardTests */,
				7B79636D23FA13A30073649E /* Products */,
			);
			sourceTree = "<group>";
		};
		7B79636D23FA13A30073649E /* Products */ = {
			isa = PBXGroup;
			children = (
				7B79636C23FA13A30073649E /* DailyScorecard.app */,
				7B79638523FA13A50073649E /* DailyScorecardTests.xctest */,
			);
			name = Products;
			sourceTree = "<group>";
		};
		7B79636E23FA13A30073649E /* DailyScorecard */ = {
			isa = PBXGroup;
			children = (
				7B79639423FA13C20073649E /* DailyScorecard */,
				7B79637B23FA13A50073649E /* Assets.xcassets */,
				7B79638023FA13A50073649E /* Info.plist */,
			);
			path = DailyScorecard;
			sourceTree = "<group>";
		};
		7B79638823FA13A50073649E /* DailyScorecardTests */ = {
			isa = PBXGroup;
			children = (
				7B79638923FA13A50073649E /* DailyScorecardTests.swift */,
				7B79638B23FA13A50073649E /* Info.plist */,
			);
			path = DailyScorecardTests;
			sourceTree = "<group>";
		};
		7B79639423FA13C20073649E /* DailyScorecard */ = {
			isa = PBXGroup;
			children = (
				7B79636F23FA13A30073649E /* AppDelegate.swift */,
				7B79637123FA13A30073649E /* SceneDelegate.swift */,
				7B4F925E2402CF8900993700 /* Shared */,
				7B79639E23FA45400073649E /* Views */,
				7B79639923FA14190073649E /* ViewControllers */,
				7B79639823FA14020073649E /* Services */,
				7B79639723FA13FC0073649E /* Models */,
				7B79639523FA13EB0073649E /* Storyboards */,
				7BE52D862426C72F00EBE6BB /* TestController.swift */,
			);
			path = DailyScorecard;
			sourceTree = "<group>";
		};
		7B79639523FA13EB0073649E /* Storyboards */ = {
			isa = PBXGroup;
			children = (
				7B79637D23FA13A50073649E /* LaunchScreen.storyboard */,
				7B4FEAEA240CB200000AB5AC /* Main.storyboard */,
				7B4FEAE8240C8D93000AB5AC /* TestSwiftUI.swift */,
			);
			path = Storyboards;
			sourceTree = "<group>";
		};
		7B79639723FA13FC0073649E /* Models */ = {
			isa = PBXGroup;
			children = (
				7B79637823FA13A30073649E /* DailyScorecard.xcdatamodeld */,
				7B719EF82404DFFC00A42374 /* Prompt.swift */,
				7B4FEAE22408BD37000AB5AC /* Entry.swift */,
				7BD4B822242AD04300D894E5 /* Theme.swift */,
			);
			path = Models;
			sourceTree = "<group>";
		};
		7B79639823FA14020073649E /* Services */ = {
			isa = PBXGroup;
			children = (
				7B7963A123FB96370073649E /* ServiceProvider.swift */,
				7B4FEAE02404E1F9000AB5AC /* PromptStoreService.swift */,
				7B4FEAE42408BDE0000AB5AC /* EntryStoreService.swift */,
				7B94AFD62411C26800AEDEC8 /* ScoreProvider.swift */,
				7BD4B824242AD10400D894E5 /* ThemeService.swift */,
				7B506026242BB1420042F169 /* AddDetailService.swift */,
				7B506028242C43200042F169 /* NotificationService.swift */,
			);
			path = Services;
			sourceTree = "<group>";
		};
		7B79639923FA14190073649E /* ViewControllers */ = {
			isa = PBXGroup;
			children = (
				7B98A9BF24299207002BA9D1 /* Settings */,
				7B94AFD82411E97000AEDEC8 /* Charts */,
				7B4FEAF22410BD82000AB5AC /* DayView */,
				7B4F92612402D14500993700 /* AppFlowController.swift */,
			);
			path = ViewControllers;
			sourceTree = "<group>";
		};
		7B79639E23FA45400073649E /* Views */ = {
			isa = PBXGroup;
			children = (
				7BE52D842426918800EBE6BB /* OptionSelectionView.swift */,
			);
			path = Views;
			sourceTree = "<group>";
		};
		7B94AFD82411E97000AEDEC8 /* Charts */ = {
			isa = PBXGroup;
			children = (
				7B94AFDE2411EB4900AEDEC8 /* ChartViewModel.swift */,
				7B94AFDC2411EB1F00AEDEC8 /* ChartViewService.swift */,
				7B94AFDA2411E99100AEDEC8 /* ChartPageViewController.swift */,
				7BD6A0982414BFE6008FF75A /* ChartViewController.swift */,
				7BD6A09A2414C05F008FF75A /* ChartFilterPickerViewController.swift */,
			);
			path = Charts;
			sourceTree = "<group>";
		};
		7B94AFE12414AA0900AEDEC8 /* PromptTable */ = {
			isa = PBXGroup;
			children = (
				7B7963A723FE47180073649E /* PromptTableViewModel.swift */,
				7B7963A923FE4E2A0073649E /* PromptTableViewService.swift */,
				7B7963A523FE46D10073649E /* PromptTableViewController.swift */,
			);
			path = PromptTable;
			sourceTree = "<group>";
		};
		7B94AFE22414AA1300AEDEC8 /* PromptDetail */ = {
			isa = PBXGroup;
			children = (
				7B7963AD23FF6F870073649E /* PromptEditViewModel.swift */,
				7B7963AF23FF7F720073649E /* PromptEditViewService.swift */,
				7B7963AB23FF6F5F0073649E /* PromptEditViewController.swift */,
			);
			path = PromptDetail;
			sourceTree = "<group>";
		};
		7B98A9BF24299207002BA9D1 /* Settings */ = {
			isa = PBXGroup;
			children = (
				7B50602A242C60CF0042F169 /* Notifications */,
				7B506023242B9FC30042F169 /* About */,
				7B98A9C2242A5418002BA9D1 /* Theme */,
				7B4F92682404C27400993700 /* PromptEdit */,
				7B98A9C024299227002BA9D1 /* SettingsViewController.swift */,
			);
			path = Settings;
			sourceTree = "<group>";
		};
		7B98A9C2242A5418002BA9D1 /* Theme */ = {
			isa = PBXGroup;
			children = (
				7BD4B828242AD64700D894E5 /* ThemeViewService.swift */,
				7BD4B826242AD60B00D894E5 /* ThemeViewModel.swift */,
				7B98A9C3242A5435002BA9D1 /* ThemeViewController.swift */,
			);
			path = Theme;
			sourceTree = "<group>";
		};
/* End PBXGroup section */

/* Begin PBXNativeTarget section */
		7B79636B23FA13A30073649E /* DailyScorecard */ = {
			isa = PBXNativeTarget;
			buildConfigurationList = 7B79638E23FA13A50073649E /* Build configuration list for PBXNativeTarget "DailyScorecard" */;
			buildPhases = (
				7B79636823FA13A30073649E /* Sources */,
				7B79636923FA13A30073649E /* Frameworks */,
				7B79636A23FA13A30073649E /* Resources */,
			);
			buildRules = (
			);
			dependencies = (
			);
			name = DailyScorecard;
			productName = DailyScorecard;
			productReference = 7B79636C23FA13A30073649E /* DailyScorecard.app */;
			productType = "com.apple.product-type.application";
		};
		7B79638423FA13A50073649E /* DailyScorecardTests */ = {
			isa = PBXNativeTarget;
			buildConfigurationList = 7B79639123FA13A50073649E /* Build configuration list for PBXNativeTarget "DailyScorecardTests" */;
			buildPhases = (
				7B79638123FA13A50073649E /* Sources */,
				7B79638223FA13A50073649E /* Frameworks */,
				7B79638323FA13A50073649E /* Resources */,
			);
			buildRules = (
			);
			dependencies = (
				7B79638723FA13A50073649E /* PBXTargetDependency */,
			);
			name = DailyScorecardTests;
			productName = DailyScorecardTests;
			productReference = 7B79638523FA13A50073649E /* DailyScorecardTests.xctest */;
			productType = "com.apple.product-type.bundle.unit-test";
		};
/* End PBXNativeTarget section */

/* Begin PBXProject section */
		7B79636423FA13A30073649E /* Project object */ = {
			isa = PBXProject;
			attributes = {
				LastSwiftUpdateCheck = 1130;
				LastUpgradeCheck = 1130;
				ORGANIZATIONNAME = "JD Bartee";
				TargetAttributes = {
					7B79636B23FA13A30073649E = {
						CreatedOnToolsVersion = 11.3.1;
					};
					7B79638423FA13A50073649E = {
						CreatedOnToolsVersion = 11.3.1;
						TestTargetID = 7B79636B23FA13A30073649E;
					};
				};
			};
			buildConfigurationList = 7B79636723FA13A30073649E /* Build configuration list for PBXProject "DailyScorecard" */;
			compatibilityVersion = "Xcode 9.3";
			developmentRegion = en;
			hasScannedForEncodings = 0;
			knownRegions = (
				en,
				Base,
			);
			mainGroup = 7B79636323FA13A30073649E;
			productRefGroup = 7B79636D23FA13A30073649E /* Products */;
			projectDirPath = "";
			projectRoot = "";
			targets = (
				7B79636B23FA13A30073649E /* DailyScorecard */,
				7B79638423FA13A50073649E /* DailyScorecardTests */,
			);
		};
/* End PBXProject section */

/* Begin PBXResourcesBuildPhase section */
		7B79636A23FA13A30073649E /* Resources */ = {
			isa = PBXResourcesBuildPhase;
			buildActionMask = 2147483647;
			files = (
				7B4FEAEB240CB200000AB5AC /* Main.storyboard in Resources */,
				7B79637F23FA13A50073649E /* LaunchScreen.storyboard in Resources */,
				7B79637C23FA13A50073649E /* Assets.xcassets in Resources */,
			);
			runOnlyForDeploymentPostprocessing = 0;
		};
		7B79638323FA13A50073649E /* Resources */ = {
			isa = PBXResourcesBuildPhase;
			buildActionMask = 2147483647;
			files = (
			);
			runOnlyForDeploymentPostprocessing = 0;
		};
/* End PBXResourcesBuildPhase section */

/* Begin PBXSourcesBuildPhase section */
		7B79636823FA13A30073649E /* Sources */ = {
			isa = PBXSourcesBuildPhase;
			buildActionMask = 2147483647;
			files = (
				7B4FEAE52408BDE0000AB5AC /* EntryStoreService.swift in Sources */,
				7B4FEAE32408BD37000AB5AC /* Entry.swift in Sources */,
				7BE52D832425BE6E00EBE6BB /* Color.swift in Sources */,
				7B506027242BB1420042F169 /* AddDetailService.swift in Sources */,
				7B79637A23FA13A30073649E /* DailyScorecard.xcdatamodeld in Sources */,
				7B50602D242C61A90042F169 /* NotificationViewController.swift in Sources */,
				7B94AFD72411C26800AEDEC8 /* ScoreProvider.swift in Sources */,
				7BD4B825242AD10400D894E5 /* ThemeService.swift in Sources */,
				7B4F92672404C0F500993700 /* PromptEditFlowController.swift in Sources */,
				7BD4B829242AD64700D894E5 /* ThemeViewService.swift in Sources */,
				7B94AFDB2411E99100AEDEC8 /* ChartPageViewController.swift in Sources */,
				7B50602F242C623A0042F169 /* NotificationViewModel.swift in Sources */,
				7BD6A09D241599A9008FF75A /* Result.swift in Sources */,
				7B7963AC23FF6F5F0073649E /* PromptEditViewController.swift in Sources */,
				7B506029242C43200042F169 /* NotificationService.swift in Sources */,
				7B4F92602402CF9900993700 /* Storyboarded.swift in Sources */,
				7B719EF92404DFFC00A42374 /* Prompt.swift in Sources */,
				7B7963AE23FF6F870073649E /* PromptEditViewModel.swift in Sources */,
				7B7963A423FB96690073649E /* DayViewService.swift in Sources */,
				7B506033243639FD0042F169 /* DayViewPagingModel.swift in Sources */,
				7BD4B823242AD04300D894E5 /* Theme.swift in Sources */,
				7B4FEAE9240C8D93000AB5AC /* TestSwiftUI.swift in Sources */,
				7B7963AA23FE4E2A0073649E /* PromptTableViewService.swift in Sources */,
				7B79639B23FA234E0073649E /* DayViewModel.swift in Sources */,
				7BD6A09B2414C05F008FF75A /* ChartFilterPickerViewController.swift in Sources */,
				7B105BD9241F08AF00D8581A /* DayViewTableController.swift in Sources */,
				7B7963B023FF7F720073649E /* PromptEditViewService.swift in Sources */,
				7B94AFDD2411EB1F00AEDEC8 /* ChartViewService.swift in Sources */,
				7BE52D872426C72F00EBE6BB /* TestController.swift in Sources */,
				7B506025242B9FDA0042F169 /* AboutViewController.swift in Sources */,
				7B4F92652402DF5800993700 /* CancelBag.swift in Sources */,
				7B4FEAF12410BD61000AB5AC /* DayViewPagingController.swift in Sources */,
				7B98A9C4242A5435002BA9D1 /* ThemeViewController.swift in Sources */,
				7BE52D852426918800EBE6BB /* OptionSelectionView.swift in Sources */,
				7B7963A223FB96370073649E /* ServiceProvider.swift in Sources */,
				7B7963A023FA45580073649E /* DayViewEntryCell.swift in Sources */,
				7B7963A823FE47180073649E /* PromptTableViewModel.swift in Sources */,
				7BD4B827242AD60B00D894E5 /* ThemeViewModel.swift in Sources */,
				7B79637023FA13A30073649E /* AppDelegate.swift in Sources */,
				7B4FEAE12404E1F9000AB5AC /* PromptStoreService.swift in Sources */,
				7B4FEAED240CD6AF000AB5AC /* Calendar.swift in Sources */,
				7B94AFDF2411EB4900AEDEC8 /* ChartViewModel.swift in Sources */,
				7B79637223FA13A30073649E /* SceneDelegate.swift in Sources */,
				7B506031242C62470042F169 /* NotificationViewService.swift in Sources */,
				7B7963A623FE46D10073649E /* PromptTableViewController.swift in Sources */,
				7B4F92622402D14500993700 /* AppFlowController.swift in Sources */,
				7BD6A0992414BFE6008FF75A /* ChartViewController.swift in Sources */,
				7B50603524363AAA0042F169 /* DayViewPagingService.swift in Sources */,
				7B98A9C124299227002BA9D1 /* SettingsViewController.swift in Sources */,
			);
			runOnlyForDeploymentPostprocessing = 0;
		};
		7B79638123FA13A50073649E /* Sources */ = {
			isa = PBXSourcesBuildPhase;
			buildActionMask = 2147483647;
			files = (
				7B79638A23FA13A50073649E /* DailyScorecardTests.swift in Sources */,
			);
			runOnlyForDeploymentPostprocessing = 0;
		};
/* End PBXSourcesBuildPhase section */

/* Begin PBXTargetDependency section */
		7B79638723FA13A50073649E /* PBXTargetDependency */ = {
			isa = PBXTargetDependency;
			target = 7B79636B23FA13A30073649E /* DailyScorecard */;
			targetProxy = 7B79638623FA13A50073649E /* PBXContainerItemProxy */;
		};
/* End PBXTargetDependency section */

/* Begin PBXVariantGroup section */
		7B79637D23FA13A50073649E /* LaunchScreen.storyboard */ = {
			isa = PBXVariantGroup;
			children = (
				7B79637E23FA13A50073649E /* Base */,
			);
			name = LaunchScreen.storyboard;
			sourceTree = "<group>";
		};
/* End PBXVariantGroup section */

/* Begin XCBuildConfiguration section */
		7B79638C23FA13A50073649E /* Debug */ = {
			isa = XCBuildConfiguration;
			buildSettings = {
				ALWAYS_SEARCH_USER_PATHS = NO;
				CLANG_ANALYZER_NONNULL = YES;
				CLANG_ANALYZER_NUMBER_OBJECT_CONVERSION = YES_AGGRESSIVE;
				CLANG_CXX_LANGUAGE_STANDARD = "gnu++14";
				CLANG_CXX_LIBRARY = "libc++";
				CLANG_ENABLE_MODULES = YES;
				CLANG_ENABLE_OBJC_ARC = YES;
				CLANG_ENABLE_OBJC_WEAK = YES;
				CLANG_WARN_BLOCK_CAPTURE_AUTORELEASING = YES;
				CLANG_WARN_BOOL_CONVERSION = YES;
				CLANG_WARN_COMMA = YES;
				CLANG_WARN_CONSTANT_CONVERSION = YES;
				CLANG_WARN_DEPRECATED_OBJC_IMPLEMENTATIONS = YES;
				CLANG_WARN_DIRECT_OBJC_ISA_USAGE = YES_ERROR;
				CLANG_WARN_DOCUMENTATION_COMMENTS = YES;
				CLANG_WARN_EMPTY_BODY = YES;
				CLANG_WARN_ENUM_CONVERSION = YES;
				CLANG_WARN_INFINITE_RECURSION = YES;
				CLANG_WARN_INT_CONVERSION = YES;
				CLANG_WARN_NON_LITERAL_NULL_CONVERSION = YES;
				CLANG_WARN_OBJC_IMPLICIT_RETAIN_SELF = YES;
				CLANG_WARN_OBJC_LITERAL_CONVERSION = YES;
				CLANG_WARN_OBJC_ROOT_CLASS = YES_ERROR;
				CLANG_WARN_RANGE_LOOP_ANALYSIS = YES;
				CLANG_WARN_STRICT_PROTOTYPES = YES;
				CLANG_WARN_SUSPICIOUS_MOVE = YES;
				CLANG_WARN_UNGUARDED_AVAILABILITY = YES_AGGRESSIVE;
				CLANG_WARN_UNREACHABLE_CODE = YES;
				CLANG_WARN__DUPLICATE_METHOD_MATCH = YES;
				COPY_PHASE_STRIP = NO;
				DEBUG_INFORMATION_FORMAT = dwarf;
				ENABLE_STRICT_OBJC_MSGSEND = YES;
				ENABLE_TESTABILITY = YES;
				GCC_C_LANGUAGE_STANDARD = gnu11;
				GCC_DYNAMIC_NO_PIC = NO;
				GCC_NO_COMMON_BLOCKS = YES;
				GCC_OPTIMIZATION_LEVEL = 0;
				GCC_PREPROCESSOR_DEFINITIONS = (
					"DEBUG=1",
					"$(inherited)",
				);
				GCC_WARN_64_TO_32_BIT_CONVERSION = YES;
				GCC_WARN_ABOUT_RETURN_TYPE = YES_ERROR;
				GCC_WARN_UNDECLARED_SELECTOR = YES;
				GCC_WARN_UNINITIALIZED_AUTOS = YES_AGGRESSIVE;
				GCC_WARN_UNUSED_FUNCTION = YES;
				GCC_WARN_UNUSED_VARIABLE = YES;
				IPHONEOS_DEPLOYMENT_TARGET = 13.2;
				MTL_ENABLE_DEBUG_INFO = INCLUDE_SOURCE;
				MTL_FAST_MATH = YES;
				ONLY_ACTIVE_ARCH = YES;
				SDKROOT = iphoneos;
				SWIFT_ACTIVE_COMPILATION_CONDITIONS = DEBUG;
				SWIFT_OPTIMIZATION_LEVEL = "-Onone";
			};
			name = Debug;
		};
		7B79638D23FA13A50073649E /* Release */ = {
			isa = XCBuildConfiguration;
			buildSettings = {
				ALWAYS_SEARCH_USER_PATHS = NO;
				CLANG_ANALYZER_NONNULL = YES;
				CLANG_ANALYZER_NUMBER_OBJECT_CONVERSION = YES_AGGRESSIVE;
				CLANG_CXX_LANGUAGE_STANDARD = "gnu++14";
				CLANG_CXX_LIBRARY = "libc++";
				CLANG_ENABLE_MODULES = YES;
				CLANG_ENABLE_OBJC_ARC = YES;
				CLANG_ENABLE_OBJC_WEAK = YES;
				CLANG_WARN_BLOCK_CAPTURE_AUTORELEASING = YES;
				CLANG_WARN_BOOL_CONVERSION = YES;
				CLANG_WARN_COMMA = YES;
				CLANG_WARN_CONSTANT_CONVERSION = YES;
				CLANG_WARN_DEPRECATED_OBJC_IMPLEMENTATIONS = YES;
				CLANG_WARN_DIRECT_OBJC_ISA_USAGE = YES_ERROR;
				CLANG_WARN_DOCUMENTATION_COMMENTS = YES;
				CLANG_WARN_EMPTY_BODY = YES;
				CLANG_WARN_ENUM_CONVERSION = YES;
				CLANG_WARN_INFINITE_RECURSION = YES;
				CLANG_WARN_INT_CONVERSION = YES;
				CLANG_WARN_NON_LITERAL_NULL_CONVERSION = YES;
				CLANG_WARN_OBJC_IMPLICIT_RETAIN_SELF = YES;
				CLANG_WARN_OBJC_LITERAL_CONVERSION = YES;
				CLANG_WARN_OBJC_ROOT_CLASS = YES_ERROR;
				CLANG_WARN_RANGE_LOOP_ANALYSIS = YES;
				CLANG_WARN_STRICT_PROTOTYPES = YES;
				CLANG_WARN_SUSPICIOUS_MOVE = YES;
				CLANG_WARN_UNGUARDED_AVAILABILITY = YES_AGGRESSIVE;
				CLANG_WARN_UNREACHABLE_CODE = YES;
				CLANG_WARN__DUPLICATE_METHOD_MATCH = YES;
				COPY_PHASE_STRIP = NO;
				DEBUG_INFORMATION_FORMAT = "dwarf-with-dsym";
				ENABLE_NS_ASSERTIONS = NO;
				ENABLE_STRICT_OBJC_MSGSEND = YES;
				GCC_C_LANGUAGE_STANDARD = gnu11;
				GCC_NO_COMMON_BLOCKS = YES;
				GCC_WARN_64_TO_32_BIT_CONVERSION = YES;
				GCC_WARN_ABOUT_RETURN_TYPE = YES_ERROR;
				GCC_WARN_UNDECLARED_SELECTOR = YES;
				GCC_WARN_UNINITIALIZED_AUTOS = YES_AGGRESSIVE;
				GCC_WARN_UNUSED_FUNCTION = YES;
				GCC_WARN_UNUSED_VARIABLE = YES;
				IPHONEOS_DEPLOYMENT_TARGET = 13.2;
				MTL_ENABLE_DEBUG_INFO = NO;
				MTL_FAST_MATH = YES;
				SDKROOT = iphoneos;
				SWIFT_COMPILATION_MODE = wholemodule;
				SWIFT_OPTIMIZATION_LEVEL = "-O";
				VALIDATE_PRODUCT = YES;
			};
			name = Release;
		};
		7B79638F23FA13A50073649E /* Debug */ = {
			isa = XCBuildConfiguration;
			buildSettings = {
				ASSETCATALOG_COMPILER_APPICON_NAME = AppIcon;
				CODE_SIGN_STYLE = Automatic;
				DEVELOPMENT_TEAM = WDVN27DBJ7;
				INFOPLIST_FILE = DailyScorecard/Info.plist;
				LD_RUNPATH_SEARCH_PATHS = (
					"$(inherited)",
					"@executable_path/Frameworks",
				);
				PRODUCT_BUNDLE_IDENTIFIER = com.cornertwist.DailyScorecard;
				PRODUCT_NAME = "$(TARGET_NAME)";
				SWIFT_VERSION = 5.0;
				TARGETED_DEVICE_FAMILY = "1,2";
			};
			name = Debug;
		};
		7B79639023FA13A50073649E /* Release */ = {
			isa = XCBuildConfiguration;
			buildSettings = {
				ASSETCATALOG_COMPILER_APPICON_NAME = AppIcon;
				CODE_SIGN_STYLE = Automatic;
				DEVELOPMENT_TEAM = WDVN27DBJ7;
				INFOPLIST_FILE = DailyScorecard/Info.plist;
				LD_RUNPATH_SEARCH_PATHS = (
					"$(inherited)",
					"@executable_path/Frameworks",
				);
				PRODUCT_BUNDLE_IDENTIFIER = com.cornertwist.DailyScorecard;
				PRODUCT_NAME = "$(TARGET_NAME)";
				SWIFT_VERSION = 5.0;
				TARGETED_DEVICE_FAMILY = "1,2";
			};
			name = Release;
		};
		7B79639223FA13A50073649E /* Debug */ = {
			isa = XCBuildConfiguration;
			buildSettings = {
				ALWAYS_EMBED_SWIFT_STANDARD_LIBRARIES = YES;
				BUNDLE_LOADER = "$(TEST_HOST)";
				CODE_SIGN_STYLE = Automatic;
				DEVELOPMENT_TEAM = WDVN27DBJ7;
				INFOPLIST_FILE = DailyScorecardTests/Info.plist;
				IPHONEOS_DEPLOYMENT_TARGET = 13.2;
				LD_RUNPATH_SEARCH_PATHS = (
					"$(inherited)",
					"@executable_path/Frameworks",
					"@loader_path/Frameworks",
				);
				PRODUCT_BUNDLE_IDENTIFIER = com.cornertwist.DailyScorecardTests;
				PRODUCT_NAME = "$(TARGET_NAME)";
				SWIFT_VERSION = 5.0;
				TARGETED_DEVICE_FAMILY = "1,2";
				TEST_HOST = "$(BUILT_PRODUCTS_DIR)/DailyScorecard.app/DailyScorecard";
			};
			name = Debug;
		};
		7B79639323FA13A50073649E /* Release */ = {
			isa = XCBuildConfiguration;
			buildSettings = {
				ALWAYS_EMBED_SWIFT_STANDARD_LIBRARIES = YES;
				BUNDLE_LOADER = "$(TEST_HOST)";
				CODE_SIGN_STYLE = Automatic;
				DEVELOPMENT_TEAM = WDVN27DBJ7;
				INFOPLIST_FILE = DailyScorecardTests/Info.plist;
				IPHONEOS_DEPLOYMENT_TARGET = 13.2;
				LD_RUNPATH_SEARCH_PATHS = (
					"$(inherited)",
					"@executable_path/Frameworks",
					"@loader_path/Frameworks",
				);
				PRODUCT_BUNDLE_IDENTIFIER = com.cornertwist.DailyScorecardTests;
				PRODUCT_NAME = "$(TARGET_NAME)";
				SWIFT_VERSION = 5.0;
				TARGETED_DEVICE_FAMILY = "1,2";
				TEST_HOST = "$(BUILT_PRODUCTS_DIR)/DailyScorecard.app/DailyScorecard";
			};
			name = Release;
		};
/* End XCBuildConfiguration section */

/* Begin XCConfigurationList section */
		7B79636723FA13A30073649E /* Build configuration list for PBXProject "DailyScorecard" */ = {
			isa = XCConfigurationList;
			buildConfigurations = (
				7B79638C23FA13A50073649E /* Debug */,
				7B79638D23FA13A50073649E /* Release */,
			);
			defaultConfigurationIsVisible = 0;
			defaultConfigurationName = Release;
		};
		7B79638E23FA13A50073649E /* Build configuration list for PBXNativeTarget "DailyScorecard" */ = {
			isa = XCConfigurationList;
			buildConfigurations = (
				7B79638F23FA13A50073649E /* Debug */,
				7B79639023FA13A50073649E /* Release */,
			);
			defaultConfigurationIsVisible = 0;
			defaultConfigurationName = Release;
		};
		7B79639123FA13A50073649E /* Build configuration list for PBXNativeTarget "DailyScorecardTests" */ = {
			isa = XCConfigurationList;
			buildConfigurations = (
				7B79639223FA13A50073649E /* Debug */,
				7B79639323FA13A50073649E /* Release */,
			);
			defaultConfigurationIsVisible = 0;
			defaultConfigurationName = Release;
		};
/* End XCConfigurationList section */

/* Begin XCVersionGroup section */
		7B79637823FA13A30073649E /* DailyScorecard.xcdatamodeld */ = {
			isa = XCVersionGroup;
			children = (
				7B79637923FA13A30073649E /* DailyScorecard.xcdatamodel */,
			);
			currentVersion = 7B79637923FA13A30073649E /* DailyScorecard.xcdatamodel */;
			path = DailyScorecard.xcdatamodeld;
			sourceTree = "<group>";
			versionGroupType = wrapper.xcdatamodel;
		};
/* End XCVersionGroup section */
	};
	rootObject = 7B79636423FA13A30073649E /* Project object */;
}
